
Microsoft Visual Studio Solution File, Format Version 12.00
# Visual Studio 14
VisualStudioVersion = 14.0.23107.0
MinimumVisualStudioVersion = 10.0.40219.1
Project("{FAE04EC0-301F-11D3-BF4B-00C04F79EFBC}") = "Pong(for school)", "Pong(for school)\Pong(for school).csproj", "{1902DED6-DAE0-49AB-87B4-A8FBE0343257}"
EndProject
Global
	GlobalSection(SolutionConfigurationPlatforms) = preSolution
		Debug|Any CPU = Debug|Any CPU
		Release|Any CPU = Release|Any CPU
	EndGlobalSection
	GlobalSection(ProjectConfigurationPlatforms) = postSolution
		{1902DED6-DAE0-49AB-87B4-A8FBE0343257}.Debug|Any CPU.ActiveCfg = Debug|Any CPU
		{1902DED6-DAE0-49AB-87B4-A8FBE0343257}.Debug|Any CPU.Build.0 = Debug|Any CPU
		{1902DED6-DAE0-49AB-87B4-A8FBE0343257}.Release|Any CPU.ActiveCfg = Release|Any CPU
		{1902DED6-DAE0-49AB-87B4-A8FBE0343257}.Release|Any CPU.Build.0 = Release|Any CPU
	EndGlobalSection
	GlobalSection(SolutionProperties) = preSolution
		HideSolutionNode = FALSE
	EndGlobalSection
EndGlobal
