
Microsoft Visual Studio Solution File, Format Version 12.00
# Visual Studio 14
VisualStudioVersion = 14.0.24720.0
MinimumVisualStudioVersion = 10.0.40219.1
Project("{FAE04EC0-301F-11D3-BF4B-00C04F79EFBC}") = "Honors Project - Game", "Honors Project - Game\Honors Project - Game.csproj", "{6AC2F02D-AC0F-4E75-802B-2F38D61C1ACD}"
EndProject
Global
	GlobalSection(SolutionConfigurationPlatforms) = preSolution
		Debug|Any CPU = Debug|Any CPU
		Release|Any CPU = Release|Any CPU
	EndGlobalSection
	GlobalSection(ProjectConfigurationPlatforms) = postSolution
		{6AC2F02D-AC0F-4E75-802B-2F38D61C1ACD}.Debug|Any CPU.ActiveCfg = Debug|Any CPU
		{6AC2F02D-AC0F-4E75-802B-2F38D61C1ACD}.Debug|Any CPU.Build.0 = Debug|Any CPU
		{6AC2F02D-AC0F-4E75-802B-2F38D61C1ACD}.Release|Any CPU.ActiveCfg = Release|Any CPU
		{6AC2F02D-AC0F-4E75-802B-2F38D61C1ACD}.Release|Any CPU.Build.0 = Release|Any CPU
	EndGlobalSection
	GlobalSection(SolutionProperties) = preSolution
		HideSolutionNode = FALSE
	EndGlobalSection
EndGlobal
